<?xml version="1.0" encoding="utf-8"?>
<Project ToolsVersion="4.0" xmlns="http://schemas.microsoft.com/developer/msbuild/2003">
  <ItemGroup>
    <Filter Include="Source Files">
      <UniqueIdentifier>{4FC737F1-C7A5-4376-A066-2A32D752A2FF}</UniqueIdentifier>
      <Extensions>cpp;c;cc;cxx;c++;cppm;ixx;def;odl;idl;hpj;bat;asm;asmx</Extensions>
    </Filter>
    <Filter Include="Header Files">
      <UniqueIdentifier>{93995380-89BD-4b04-88EB-625FBE52EBFB}</UniqueIdentifier>
      <Extensions>h;hh;hpp;hxx;h++;hm;inl;inc;ipp;xsd</Extensions>
    </Filter>
    <Filter Include="Resource Files">
      <UniqueIdentifier>{67DA6AB6-F800-4c08-8B7A-83BB121AAD01}</UniqueIdentifier>
      <Extensions>rc;ico;cur;bmp;dlg;rc2;rct;bin;rgs;gif;jpg;jpeg;jpe;resx;tiff;tif;png;wav;mfcribbon-ms</Extensions>
    </Filter>
    <Filter Include="Header Files\Media">
      <UniqueIdentifier>{f0814bf2-c92e-40b7-81ed-5fb87169b8cc}</UniqueIdentifier>
    </Filter>
    <Filter Include="Header Files\Media\Audio">
      <UniqueIdentifier>{753c2ed5-ced3-45b6-b339-1689cc9bf91a}</UniqueIdentifier>
    </Filter>
    <Filter Include="Header Files\Util">
      <UniqueIdentifier>{2ab9e7ee-c34a-4db3-a34b-52e2b8eb6116}</UniqueIdentifier>
    </Filter>
    <Filter Include="Header Files\Exception">
      <UniqueIdentifier>{70a4e1e4-7f87-4d8d-8ab6-440f571dbe84}</UniqueIdentifier>
    </Filter>
    <Filter Include="Source Files\ImGui">
      <UniqueIdentifier>{8dfc368c-570b-40f8-923d-ce11240bb5ba}</UniqueIdentifier>
    </Filter>
    <Filter Include="Resource Files\HLSL">
      <UniqueIdentifier>{cc9492fe-e066-4ef4-926a-81e4e88a48c2}</UniqueIdentifier>
    </Filter>
    <Filter Include="Header Files\Renderer">
      <UniqueIdentifier>{d0ee1f17-de06-4f34-ac87-a9cbbac4d483}</UniqueIdentifier>
    </Filter>
    <Filter Include="Header Files\Player">
      <UniqueIdentifier>{bf7d8bb8-373f-4b5b-af56-9cdb22d7fa16}</UniqueIdentifier>
    </Filter>
  </ItemGroup>
  <ItemGroup>
    <ClCompile Include="wWinMain.cpp">
      <Filter>Source Files</Filter>
    </ClCompile>
    <ClCompile Include="FFT.cpp">
      <Filter>Source Files</Filter>
    </ClCompile>
    <ClCompile Include="AudioCapturer.cpp">
      <Filter>Source Files</Filter>
    </ClCompile>
    <ClCompile Include="AudioEnumerator.cpp">
      <Filter>Source Files</Filter>
    </ClCompile>
    <ClCompile Include="UTFStringAffair.cpp">
      <Filter>Source Files</Filter>
    </ClCompile>
    <ClCompile Include="AudioDecoder.cpp">
      <Filter>Source Files</Filter>
    </ClCompile>
    <ClCompile Include="AudioRenderer.cpp">
      <Filter>Source Files</Filter>
    </ClCompile>
    <ClCompile Include="..\Third-Party\imgui-1.90.4\backends\imgui_impl_dx11.cpp">
      <Filter>Source Files\ImGui</Filter>
    </ClCompile>
    <ClCompile Include="..\Third-Party\imgui-1.90.4\backends\imgui_impl_win32.cpp">
      <Filter>Source Files\ImGui</Filter>
    </ClCompile>
    <ClCompile Include="..\Third-Party\imgui-1.90.4\imgui.cpp">
      <Filter>Source Files\ImGui</Filter>
    </ClCompile>
    <ClCompile Include="..\Third-Party\imgui-1.90.4\imgui_demo.cpp">
      <Filter>Source Files\ImGui</Filter>
    </ClCompile>
    <ClCompile Include="..\Third-Party\imgui-1.90.4\imgui_draw.cpp">
      <Filter>Source Files\ImGui</Filter>
    </ClCompile>
    <ClCompile Include="..\Third-Party\imgui-1.90.4\imgui_tables.cpp">
      <Filter>Source Files\ImGui</Filter>
    </ClCompile>
    <ClCompile Include="..\Third-Party\imgui-1.90.4\imgui_widgets.cpp">
      <Filter>Source Files\ImGui</Filter>
    </ClCompile>
    <ClCompile Include="SuancaiRenderer.cpp">
      <Filter>Source Files</Filter>
    </ClCompile>
    <ClCompile Include="PathUtil.cpp">
      <Filter>Source Files</Filter>
    </ClCompile>
    <ClCompile Include="KaraPlayer.cpp">
      <Filter>Source Files</Filter>
    </ClCompile>
    <ClCompile Include="AudioSpecRenderer.cpp">
      <Filter>Source Files</Filter>
    </ClCompile>
  </ItemGroup>
  <ItemGroup>
    <ClInclude Include="__SuancaiCommon.h">
      <Filter>Header Files</Filter>
    </ClInclude>
    <ClInclude Include="__MediaCommon.h">
      <Filter>Header Files\Media</Filter>
    </ClInclude>
    <ClInclude Include="__AudioCommon.h">
      <Filter>Header Files\Media\Audio</Filter>
    </ClInclude>
    <ClInclude Include="AudioCapturer.h">
      <Filter>Header Files\Media\Audio</Filter>
    </ClInclude>
    <ClInclude Include="AudioDecoder.h">
      <Filter>Header Files\Media\Audio</Filter>
    </ClInclude>
    <ClInclude Include="AudioEnumerator.h">
      <Filter>Header Files\Media\Audio</Filter>
    </ClInclude>
    <ClInclude Include="__ExceptionCommon.h">
      <Filter>Header Files\Exception</Filter>
    </ClInclude>
    <ClInclude Include="BaseException.h">
      <Filter>Header Files\Exception</Filter>
    </ClInclude>
    <ClInclude Include="__UtilCommon.h">
      <Filter>Header Files\Util</Filter>
    </ClInclude>
    <ClInclude Include="FFT.h">
      <Filter>Header Files\Util</Filter>
    </ClInclude>
    <ClInclude Include="UTFStringAffair.h">
      <Filter>Header Files\Util</Filter>
    </ClInclude>
    <ClInclude Include="AudioRenderer.h">
      <Filter>Header Files\Media\Audio</Filter>
    </ClInclude>
    <ClInclude Include="SuancaiRenderer.h">
      <Filter>Header Files\Renderer</Filter>
    </ClInclude>
    <ClInclude Include="__RendererCommon.h">
      <Filter>Header Files\Renderer</Filter>
    </ClInclude>
    <ClInclude Include="PathUtil.h">
      <Filter>Header Files\Util</Filter>
    </ClInclude>
    <ClInclude Include="KaraPlayer.h">
      <Filter>Header Files\Player</Filter>
    </ClInclude>
    <ClInclude Include="AudioSpecRenderer.h">
      <Filter>Header Files\Renderer</Filter>
    </ClInclude>
  </ItemGroup>
  <ItemGroup>
    <FxCompile Include="CopyPS.hlsl">
      <Filter>Resource Files\HLSL</Filter>
    </FxCompile>
    <FxCompile Include="CopyVS.hlsl">
      <Filter>Resource Files\HLSL</Filter>
    </FxCompile>
    <FxCompile Include="BasePS.hlsl">
      <Filter>Resource Files\HLSL</Filter>
    </FxCompile>
    <FxCompile Include="BaseVS.hlsl">
      <Filter>Resource Files\HLSL</Filter>
    </FxCompile>
    <FxCompile Include="BlurPS.hlsl">
      <Filter>Resource Files\HLSL</Filter>
    </FxCompile>
    <FxCompile Include="BlurVS.hlsl">
      <Filter>Resource Files\HLSL</Filter>
    </FxCompile>
  </ItemGroup>
</Project>