
Microsoft Visual Studio Solution File, Format Version 12.00
# Visual Studio Version 17
VisualStudioVersion = 17.8.34525.116
MinimumVisualStudioVersion = 10.0.40219.1
Project("{8BC9CEB8-8B4A-11D0-8D11-00A0C91BC942}") = "Kara-Player", "Kara-Player\Kara-Player.vcxproj", "{23F29280-D92F-466E-BFC8-70E11D4F74C4}"
EndProject
Global
	GlobalSection(SolutionConfigurationPlatforms) = preSolution
		Debug|x64 = Debug|x64
		Debug|x86 = Debug|x86
		Release|x64 = Release|x64
		Release|x86 = Release|x86
	EndGlobalSection
	GlobalSection(ProjectConfigurationPlatforms) = postSolution
		{23F29280-D92F-466E-BFC8-70E11D4F74C4}.Debug|x64.ActiveCfg = Debug|x64
		{23F29280-D92F-466E-BFC8-70E11D4F74C4}.Debug|x64.Build.0 = Debug|x64
		{23F29280-D92F-466E-BFC8-70E11D4F74C4}.Debug|x86.ActiveCfg = Debug|Win32
		{23F29280-D92F-466E-BFC8-70E11D4F74C4}.Debug|x86.Build.0 = Debug|Win32
		{23F29280-D92F-466E-BFC8-70E11D4F74C4}.Release|x64.ActiveCfg = Release|x64
		{23F29280-D92F-466E-BFC8-70E11D4F74C4}.Release|x64.Build.0 = Release|x64
		{23F29280-D92F-466E-BFC8-70E11D4F74C4}.Release|x86.ActiveCfg = Release|Win32
		{23F29280-D92F-466E-BFC8-70E11D4F74C4}.Release|x86.Build.0 = Release|Win32
	EndGlobalSection
	GlobalSection(SolutionProperties) = preSolution
		HideSolutionNode = FALSE
	EndGlobalSection
	GlobalSection(ExtensibilityGlobals) = postSolution
		SolutionGuid = {F5924F7C-DE26-401D-9311-499A1AC8D2F0}
	EndGlobalSection
EndGlobal
